// !$*UTF8*$!
{
	archiveVersion = 1;
	classes = {
	};
	objectVersion = 46;
	objects = {

/* Begin PBXBuildFile section */
		4CDD508C1CC3FB550061F484 /* AppDelegate.swift in Sources */ = {isa = PBXBuildFile; fileRef = 4CDD508B1CC3FB550061F484 /* AppDelegate.swift */; };
		4CDD508E1CC3FB550061F484 /* ViewController.swift in Sources */ = {isa = PBXBuildFile; fileRef = 4CDD508D1CC3FB550061F484 /* ViewController.swift */; };
		4CDD50911CC3FB550061F484 /* Main.storyboard in Resources */ = {isa = PBXBuildFile; fileRef = 4CDD508F1CC3FB550061F484 /* Main.storyboard */; };
		4CDD50931CC3FB550061F484 /* Assets.xcassets in Resources */ = {isa = PBXBuildFile; fileRef = 4CDD50921CC3FB550061F484 /* Assets.xcassets */; };
		4CDD50961CC3FB550061F484 /* LaunchScreen.storyboard in Resources */ = {isa = PBXBuildFile; fileRef = 4CDD50941CC3FB550061F484 /* LaunchScreen.storyboard */; };
/* End PBXBuildFile section */

/* Begin PBXFileReference section */
		4CDD50881CC3FB550061F484 /* githubDemo.app */ = {isa = PBXFileReference; explicitFileType = wrapper.application; includeInIndex = 0; path = githubDemo.app; sourceTree = BUILT_PRODUCTS_DIR; };
		4CDD508B1CC3FB550061F484 /* AppDelegate.swift */ = {isa = PBXFileReference; lastKnownFileType = sourcecode.swift; path = AppDelegate.swift; sourceTree = "<group>"; };
		4CDD508D1CC3FB550061F484 /* ViewController.swift */ = {isa = PBXFileReference; lastKnownFileType = sourcecode.swift; path = ViewController.swift; sourceTree = "<group>"; };
		4CDD50901CC3FB550061F484 /* Base */ = {isa = PBXFileReference; lastKnownFileType = file.storyboard; name = Base; path = Base.lproj/Main.storyboard; sourceTree = "<group>"; };
		4CDD50921CC3FB550061F484 /* Assets.xcassets */ = {isa = PBXFileReference; lastKnownFileType = folder.assetcatalog; path = Assets.xcassets; sourceTree = "<group>"; };
		4CDD50951CC3FB550061F484 /* Base */ = {isa = PBXFileReference; lastKnownFileType = file.storyboard; name = Base; path = Base.lproj/LaunchScreen.storyboard; sourceTree = "<group>"; };
		4CDD50971CC3FB550061F484 /* Info.plist */ = {isa = PBXFileReference; lastKnownFileType = text.plist.xml; path = Info.plist; sourceTree = "<group>"; };
/* End PBXFileReference section */

/* Begin PBXFrameworksBuildPhase section */
		4CDD50851CC3FB550061F484 /* Frameworks */ = {
			isa = PBXFrameworksBuildPhase;
			buildActionMask = 2147483647;
			files = (
			);
			runOnlyForDeploymentPostprocessing = 0;
		};
/* End PBXFrameworksBuildPhase section */

/* Begin PBXGroup section */
		4CDD507F1CC3FB550061F484 = {
			isa = PBXGroup;
			children = (
				4CDD508A1CC3FB550061F484 /* githubDemo */,
				4CDD50891CC3FB550061F484 /* Products */,
			);
			sourceTree = "<group>";
		};
		4CDD50891CC3FB550061F484 /* Products */ = {
			isa = PBXGroup;
			children = (
				4CDD50881CC3FB550061F484 /* githubDemo.app */,
			);
			name = Products;
			sourceTree = "<group>";
		};
		4CDD508A1CC3FB550061F484 /* githubDemo */ = {
			isa = PBXGroup;
			children = (
				4CDD508B1CC3FB550061F484 /* AppDelegate.swift */,
				4CDD508D1CC3FB550061F484 /* ViewController.swift */,
				4CDD508F1CC3FB550061F484 /* Main.storyboard */,
				4CDD50921CC3FB550061F484 /* Assets.xcassets */,
				4CDD50941CC3FB550061F484 /* LaunchScreen.storyboard */,
				4CDD50971CC3FB550061F484 /* Info.plist */,
			);
			path = githubDemo;
			sourceTree = "<group>";
		};
/* End PBXGroup section */

/* Begin PBXNativeTarget section */
		4CDD50871CC3FB550061F484 /* githubDemo */ = {
			isa = PBXNativeTarget;
			buildConfigurationList = 4CDD509A1CC3FB550061F484 /* Build configuration list for PBXNativeTarget "githubDemo" */;
			buildPhases = (
				4CDD50841CC3FB550061F484 /* Sources */,
				4CDD50851CC3FB550061F484 /* Frameworks */,
				4CDD50861CC3FB550061F484 /* Resources */,
			);
			buildRules = (
			);
			dependencies = (
			);
			name = githubDemo;
			productName = githubDemo;
			productReference = 4CDD50881CC3FB550061F484 /* githubDemo.app */;
			productType = "com.apple.product-type.application";
		};
/* End PBXNativeTarget section */

/* Begin PBXProject section */
		4CDD50801CC3FB550061F484 /* Project object */ = {
			isa = PBXProject;
			attributes = {
				LastSwiftUpdateCheck = 0730;
				LastUpgradeCheck = 0730;
				ORGANIZATIONNAME = "Alexander Shilderman";
				TargetAttributes = {
					4CDD50871CC3FB550061F484 = {
						CreatedOnToolsVersion = 7.3;
						DevelopmentTeam = 3XZA88SEJ4;
					};
				};
			};
			buildConfigurationList = 4CDD50831CC3FB550061F484 /* Build configuration list for PBXProject "githubDemo" */;
			compatibilityVersion = "Xcode 3.2";
			developmentRegion = English;
			hasScannedForEncodings = 0;
			knownRegions = (
				en,
				Base,
			);
			mainGroup = 4CDD507F1CC3FB550061F484;
			productRefGroup = 4CDD50891CC3FB550061F484 /* Products */;
			projectDirPath = "";
			projectRoot = "";
			targets = (
				4CDD50871CC3FB550061F484 /* githubDemo */,
			);
		};
/* End PBXProject section */

/* Begin PBXResourcesBuildPhase section */
		4CDD50861CC3FB550061F484 /* Resources */ = {
			isa = PBXResourcesBuildPhase;
			buildActionMask = 2147483647;
			files = (
				4CDD50961CC3FB550061F484 /* LaunchScreen.storyboard in Resources */,
				4CDD50931CC3FB550061F484 /* Assets.xcassets in Resources */,
				4CDD50911CC3FB550061F484 /* Main.storyboard in Resources */,
			);
			runOnlyForDeploymentPostprocessing = 0;
		};
/* End PBXResourcesBuildPhase section */

/* Begin PBXSourcesBuildPhase section */
		4CDD50841CC3FB550061F484 /* Sources */ = {
			isa = PBXSourcesBuildPhase;
			buildActionMask = 2147483647;
			files = (
				4CDD508E1CC3FB550061F484 /* ViewController.swift in Sources */,
				4CDD508C1CC3FB550061F484 /* AppDelegate.swift in Sources */,
			);
			runOnlyForDeploymentPostprocessing = 0;
		};
/* End PBXSourcesBuildPhase section */

/* Begin PBXVariantGroup section */
		4CDD508F1CC3FB550061F484 /* Main.storyboard */ = {
			isa = PBXVariantGroup;
			children = (
				4CDD50901CC3FB550061F484 /* Base */,
			);
			name = Main.storyboard;
			sourceTree = "<group>";
		};
		4CDD50941CC3FB550061F484 /* LaunchScreen.storyboard */ = {
			isa = PBXVariantGroup;
			children = (
				4CDD50951CC3FB550061F484 /* Base */,
			);
			name = LaunchScreen.storyboard;
			sourceTree = "<group>";
		};
/* End PBXVariantGroup section */

/* Begin XCBuildConfiguration section */
		4CDD50981CC3FB550061F484 /* Debug */ = {
			isa = XCBuildConfiguration;
			buildSettings = {
				ALWAYS_SEARCH_USER_PATHS = NO;
				CLANG_ANALYZER_NONNULL = YES;
				CLANG_CXX_LANGUAGE_STANDARD = "gnu++0x";
				CLANG_CXX_LIBRARY = "libc++";
				CLANG_ENABLE_MODULES = YES;
				CLANG_ENABLE_OBJC_ARC = YES;
				CLANG_WARN_BOOL_CONVERSION = YES;
				CLANG_WARN_CONSTANT_CONVERSION = YES;
				CLANG_WARN_DIRECT_OBJC_ISA_USAGE = YES_ERROR;
				CLANG_WARN_EMPTY_BODY = YES;
				CLANG_WARN_ENUM_CONVERSION = YES;
				CLANG_WARN_INT_CONVERSION = YES;
				CLANG_WARN_OBJC_ROOT_CLASS = YES_ERROR;
				CLANG_WARN_UNREACHABLE_CODE = YES;
				CLANG_WARN__DUPLICATE_METHOD_MATCH = YES;
				"CODE_SIGN_IDENTITY[sdk=iphoneos*]" = "iPhone Developer";
				COPY_PHASE_STRIP = NO;
				DEBUG_INFORMATION_FORMAT = dwarf;
				ENABLE_STRICT_OBJC_MSGSEND = YES;
				ENABLE_TESTABILITY = YES;
				GCC_C_LANGUAGE_STANDARD = gnu99;
				GCC_DYNAMIC_NO_PIC = NO;
				GCC_NO_COMMON_BLOCKS = YES;
				GCC_OPTIMIZATION_LEVEL = 0;
				GCC_PREPROCESSOR_DEFINITIONS = (
					"DEBUG=1",
					"$(inherited)",
				);
				GCC_WARN_64_TO_32_BIT_CONVERSION = YES;
				GCC_WARN_ABOUT_RETURN_TYPE = YES_ERROR;
				GCC_WARN_UNDECLARED_SELECTOR = YES;
				GCC_WARN_UNINITIALIZED_AUTOS = YES_AGGRESSIVE;
				GCC_WARN_UNUSED_FUNCTION = YES;
				GCC_WARN_UNUSED_VARIABLE = YES;
				IPHONEOS_DEPLOYMENT_TARGET = 9.3;
				MTL_ENABLE_DEBUG_INFO = YES;
				ONLY_ACTIVE_ARCH = YES;
				SDKROOT = iphoneos;
				SWIFT_OPTIMIZATION_LEVEL = "-Onone";
				TARGETED_DEVICE_FAMILY = "1,2";
			};
			name = Debug;
		};
		4CDD50991CC3FB550061F484 /* Release */ = {
			isa = XCBuildConfiguration;
			buildSettings = {
				ALWAYS_SEARCH_USER_PATHS = NO;
				CLANG_ANALYZER_NONNULL = YES;
				CLANG_CXX_LANGUAGE_STANDARD = "gnu++0x";
				CLANG_CXX_LIBRARY = "libc++";
				CLANG_ENABLE_MODULES = YES;
				CLANG_ENABLE_OBJC_ARC = YES;
				CLANG_WARN_BOOL_CONVERSION = YES;
				CLANG_WARN_CONSTANT_CONVERSION = YES;
				CLANG_WARN_DIRECT_OBJC_ISA_USAGE = YES_ERROR;
				CLANG_WARN_EMPTY_BODY = YES;
				CLANG_WARN_ENUM_CONVERSION = YES;
				CLANG_WARN_INT_CONVERSION = YES;
				CLANG_WARN_OBJC_ROOT_CLASS = YES_ERROR;
				CLANG_WARN_UNREACHABLE_CODE = YES;
				CLANG_WARN__DUPLICATE_METHOD_MATCH = YES;
				"CODE_SIGN_IDENTITY[sdk=iphoneos*]" = "iPhone Developer";
				COPY_PHASE_STRIP = NO;
				DEBUG_INFORMATION_FORMAT = "dwarf-with-dsym";
				ENABLE_NS_ASSERTIONS = NO;
				ENABLE_STRICT_OBJC_MSGSEND = YES;
				GCC_C_LANGUAGE_STANDARD = gnu99;
				GCC_NO_COMMON_BLOCKS = YES;
				GCC_WARN_64_TO_32_BIT_CONVERSION = YES;
				GCC_WARN_ABOUT_RETURN_TYPE = YES_ERROR;
				GCC_WARN_UNDECLARED_SELECTOR = YES;
				GCC_WARN_UNINITIALIZED_AUTOS = YES_AGGRESSIVE;
				GCC_WARN_UNUSED_FUNCTION = YES;
				GCC_WARN_UNUSED_VARIABLE = YES;
				IPHONEOS_DEPLOYMENT_TARGET = 9.3;
				MTL_ENABLE_DEBUG_INFO = NO;
				SDKROOT = iphoneos;
				TARGETED_DEVICE_FAMILY = "1,2";
				VALIDATE_PRODUCT = YES;
			};
			name = Release;
		};
		4CDD509B1CC3FB550061F484 /* Debug */ = {
			isa = XCBuildConfiguration;
			buildSettings = {
				ASSETCATALOG_COMPILER_APPICON_NAME = AppIcon;
				INFOPLIST_FILE = githubDemo/Info.plist;
				LD_RUNPATH_SEARCH_PATHS = "$(inherited) @executable_path/Frameworks";
				PRODUCT_BUNDLE_IDENTIFIER = ASH.githubDemo;
				PRODUCT_NAME = "$(TARGET_NAME)";
			};
			name = Debug;
		};
		4CDD509C1CC3FB550061F484 /* Release */ = {
			isa = XCBuildConfiguration;
			buildSettings = {
				ASSETCATALOG_COMPILER_APPICON_NAME = AppIcon;
				INFOPLIST_FILE = githubDemo/Info.plist;
				LD_RUNPATH_SEARCH_PATHS = "$(inherited) @executable_path/Frameworks";
				PRODUCT_BUNDLE_IDENTIFIER = ASH.githubDemo;
				PRODUCT_NAME = "$(TARGET_NAME)";
			};
			name = Release;
		};
/* End XCBuildConfiguration section */

/* Begin XCConfigurationList section */
		4CDD50831CC3FB550061F484 /* Build configuration list for PBXProject "githubDemo" */ = {
			isa = XCConfigurationList;
			buildConfigurations = (
				4CDD50981CC3FB550061F484 /* Debug */,
				4CDD50991CC3FB550061F484 /* Release */,
			);
			defaultConfigurationIsVisible = 0;
			defaultConfigurationName = Release;
		};
		4CDD509A1CC3FB550061F484 /* Build configuration list for PBXNativeTarget "githubDemo" */ = {
			isa = XCConfigurationList;
			buildConfigurations = (
				4CDD509B1CC3FB550061F484 /* Debug */,
				4CDD509C1CC3FB550061F484 /* Release */,
			);
			defaultConfigurationIsVisible = 0;
		};
/* End XCConfigurationList section */
	};
	rootObject = 4CDD50801CC3FB550061F484 /* Project object */;
}
